
Microsoft Visual Studio Solution File, Format Version 12.00
# Visual Studio Version 17
VisualStudioVersion = 17.10.35013.160
MinimumVisualStudioVersion = 10.0.40219.1
Project("{FAE04EC0-301F-11D3-BF4B-00C04F79EFBC}") = "AsyncWeb", "AsyncWeb\AsyncWeb.csproj", "{052D211A-A7DA-4A7B-B85F-930794BB9BF8}"
EndProject
Project("{FAE04EC0-301F-11D3-BF4B-00C04F79EFBC}") = "AsyncWebDotUser", "AsyncWebDotUser\AsyncWebDotUser.csproj", "{1FB59794-F0F5-423D-A1A4-A632F43B8AA9}"
EndProject
Global
	GlobalSection(SolutionConfigurationPlatforms) = preSolution
		Debug|Any CPU = Debug|Any CPU
		Release|Any CPU = Release|Any CPU
	EndGlobalSection
	GlobalSection(ProjectConfigurationPlatforms) = postSolution
		{052D211A-A7DA-4A7B-B85F-930794BB9BF8}.Debug|Any CPU.ActiveCfg = Debug|Any CPU
		{052D211A-A7DA-4A7B-B85F-930794BB9BF8}.Debug|Any CPU.Build.0 = Debug|Any CPU
		{052D211A-A7DA-4A7B-B85F-930794BB9BF8}.Release|Any CPU.ActiveCfg = Release|Any CPU
		{052D211A-A7DA-4A7B-B85F-930794BB9BF8}.Release|Any CPU.Build.0 = Release|Any CPU
		{1FB59794-F0F5-423D-A1A4-A632F43B8AA9}.Debug|Any CPU.ActiveCfg = Debug|Any CPU
		{1FB59794-F0F5-423D-A1A4-A632F43B8AA9}.Debug|Any CPU.Build.0 = Debug|Any CPU
		{1FB59794-F0F5-423D-A1A4-A632F43B8AA9}.Release|Any CPU.ActiveCfg = Release|Any CPU
		{1FB59794-F0F5-423D-A1A4-A632F43B8AA9}.Release|Any CPU.Build.0 = Release|Any CPU
	EndGlobalSection
	GlobalSection(SolutionProperties) = preSolution
		HideSolutionNode = FALSE
	EndGlobalSection
	GlobalSection(ExtensibilityGlobals) = postSolution
		SolutionGuid = {B13A6619-DBFA-492B-B220-73C3538FCD70}
	EndGlobalSection
EndGlobal
